Microsoft Visual Studio Solution File, Format Version 12.00
# Visual Studio Version 16
VisualStudioVersion = 16.0.30204.135
MinimumVisualStudioVersion = 10.0.40219.1
Project("{8BC9CEB8-8B4A-11D0-8D11-00A0C91BC942}") = "Thesis", "Thesis.vcxproj", "{779DF0A8-6198-34CF-A813-A73B2506D50F}"
EndProject
Global
	GlobalSection(SolutionConfigurationPlatforms) = preSolution
		Debug|x64 = Debug|x64
		MinSizeRel|x64 = MinSizeRel|x64
		Release|x64 = Release|x64
		RelWithDebInfo|x64 = RelWithDebInfo|x64
	EndGlobalSection
	GlobalSection(ProjectConfigurationPlatforms) = postSolution
		{779DF0A8-6198-34CF-A813-A73B2506D50F}.Debug|x64.ActiveCfg = Debug|x64
		{779DF0A8-6198-34CF-A813-A73B2506D50F}.Debug|x64.Build.0 = Debug|x64
		{779DF0A8-6198-34CF-A813-A73B2506D50F}.MinSizeRel|x64.ActiveCfg = MinSizeRel|x64
		{779DF0A8-6198-34CF-A813-A73B2506D50F}.MinSizeRel|x64.Build.0 = MinSizeRel|x64
		{779DF0A8-6198-34CF-A813-A73B2506D50F}.Release|x64.ActiveCfg = Release|x64
		{779DF0A8-6198-34CF-A813-A73B2506D50F}.Release|x64.Build.0 = Release|x64
		{779DF0A8-6198-34CF-A813-A73B2506D50F}.RelWithDebInfo|x64.ActiveCfg = RelWithDebInfo|x64
		{779DF0A8-6198-34CF-A813-A73B2506D50F}.RelWithDebInfo|x64.Build.0 = RelWithDebInfo|x64
	EndGlobalSection
	GlobalSection(SolutionProperties) = preSolution
		HideSolutionNode = FALSE
	EndGlobalSection
	GlobalSection(ExtensibilityGlobals) = postSolution
		SolutionGuid = {DED9E7AB-D6D0-39A2-A825-23174C57EA8C}
	EndGlobalSection
EndGlobal
